version = 1
revision = 3
requires-python = ">=3.12"

[[package]]
name = "attrs"
version = "26.1.0"
source = { registry = "https://pypi.org/simple" }
sdist = { url = "https://files.pythonhosted.org/packages/9a/8e/82a0fe20a541c03148528be8cac2408564a6c9a0cc7e9171802bc1d26985/attrs-26.1.0.tar.gz", hash = "sha256:d03ceb89cb322a8fd706d4fb91940737b6642aa36998fe130a9bc96c985eff32", size = 952055, upload-time = "2026-03-19T14:22:25.026Z" }
wheels = [
    { url = "https://files.pythonhosted.org/packages/64/b4/17d4b0b2a2dc85a6df63d1157e028ed19f90d4cd97c36717afef2bc2f395/attrs-26.1.0-py3-none-any.whl", hash = "sha256:c647aa4a12dfbad9333ca4e71fe62ddc36f4e63b2d260a37a8b83d2f043ac309", size = 67548, upload-time = "2026-03-19T14:22:23.645Z" },
]

[[package]]
name = "cattrs"
version = "26.1.0"
source = { registry = "https://pypi.org/simple" }
dependencies = [
    { name = "attrs" },
    { name = "typing-extensions" },
]
sdist = { url = "https://files.pythonhosted.org/packages/a0/ec/ba18945e7d6e55a58364d9fb2e46049c1c2998b3d805f19b703f14e81057/cattrs-26.1.0.tar.gz", hash = "sha256:fa239e0f0ec0715ba34852ce813986dfed1e12117e209b816ab87401271cdd40", size = 495672, upload-time = "2026-02-18T22:15:19.406Z" }
wheels = [
    { url = "https://files.pythonhosted.org/packages/80/56/60547f7801b97c67e97491dc3d9ade9fbccbd0325058fd3dfcb2f5d98d90/cattrs-26.1.0-py3-none-any.whl", hash = "sha256:d1e0804c42639494d469d08d4f26d6b9de9b8ab26b446db7b5f8c2e97f7c3096", size = 73054, upload-time = "2026-02-18T22:15:17.958Z" },
]

[[package]]
name = "enum-tools"
version = "0.13.0"
source = { registry = "https://pypi.org/simple" }
dependencies = [
    { name = "pygments" },
    { name = "typing-extensions" },
]
sdist = { url = "https://files.pythonhosted.org/packages/6d/87/50091e20c2765aa495b24521844a7d8f7041d48e4f9b47dd928cd38c8606/enum_tools-0.13.0.tar.gz", hash = "sha256:0d13335e361d300dc0f8fd82c8cf9951417246f9676144f5ee1761eb690228eb", size = 18904, upload-time = "2025-04-17T15:26:59.412Z" }
wheels = [
    { url = "https://files.pythonhosted.org/packages/84/45/cf8a8df3ebe78db691ab54525d552085b67658877f0334f4b0c08c43b518/enum_tools-0.13.0-py3-none-any.whl", hash = "sha256:e0112b16767dd08cb94105844b52770eae67ece6f026916a06db4a3d330d2a95", size = 22366, upload-time = "2025-04-17T15:26:58.34Z" },
]

[[package]]
name = "factorio-draftsman"
version = "3.3.1"
source = { registry = "https://pypi.org/simple" }
dependencies = [
    { name = "attrs" },
    { name = "cattrs" },
    { name = "enum-tools" },
    { name = "gitpython" },
    { name = "lupa" },
    { name = "thefuzz" },
    { name = "typing" },
]
sdist = { url = "https://files.pythonhosted.org/packages/82/8b/29f17f34be2e00793d43fb710ce90b0acfd3748fd52dcacb76052b86f5f7/factorio_draftsman-3.3.1.tar.gz", hash = "sha256:9d362df2ff113058add9d158bc4ebcc4bca3f4995b2abb3d331795bded8dc2e8", size = 1858335, upload-time = "2026-06-13T03:14:13.217Z" }
wheels = [
    { url = "https://files.pythonhosted.org/packages/ee/8d/cb8578953a1ab32ad60ec71f5c6f1b127035203806ec38e92de9ad50d2ef/factorio_draftsman-3.3.1-py3-none-any.whl", hash = "sha256:389b42cf0d67a18c299b1785b001d29450fa84e8cf2579843ed9713a205492d9", size = 2011758, upload-time = "2026-06-13T03:15:15.264Z" },
]

[[package]]
name = "gitdb"
version = "4.0.12"
source = { registry = "https://pypi.org/simple" }
dependencies = [
    { name = "smmap" },
]
sdist = { url = "https://files.pythonhosted.org/packages/72/94/63b0fc47eb32792c7ba1fe1b694daec9a63620db1e313033d18140c2320a/gitdb-4.0.12.tar.gz", hash = "sha256:5ef71f855d191a3326fcfbc0d5da835f26b13fbcba60c32c21091c349ffdb571", size = 394684, upload-time = "2025-01-02T07:20:46.413Z" }
wheels = [
    { url = "https://files.pythonhosted.org/packages/a0/61/5c78b91c3143ed5c14207f463aecfc8f9dbb5092fb2869baf37c273b2705/gitdb-4.0.12-py3-none-any.whl", hash = "sha256:67073e15955400952c6565cc3e707c554a4eea2e428946f7a4c162fab9bd9bcf", size = 62794, upload-time = "2025-01-02T07:20:43.624Z" },
]

[[package]]
name = "gitpython"
version = "3.1.59"
source = { registry = "https://pypi.org/simple" }
dependencies = [
    { name = "gitdb" },
]
sdist = { url = "https://files.pythonhosted.org/packages/ca/dc/126b28e76b24a9268ba931ad3e012f71ebdadf62fd9f17758f7074bb0b20/gitpython-3.1.59.tar.gz", hash = "sha256:0a1475cfdc38a5bfba1a3e9a4a9da52a39749ecec322b772915c019f94e5b7e4", size = 230445, upload-time = "2026-08-10T12:03:20.271Z" }
wheels = [
    { url = "https://files.pythonhosted.org/packages/ef/ed/ae57eb7d344f43f87b74b3a281ead6ec7d6394eef72a7b1dcb28dd089550/gitpython-3.1.59-py3-none-any.whl", hash = "sha256:67a82f537384578643624c8b2c531938a9b82be431663e575dcf638526631d4c", size = 220996, upload-time = "2026-08-10T12:03:18.804Z" },
]

[[package]]
name = "gofactos"
version = "0.0.0"
source = { virtual = "." }
dependencies = [
    { name = "factorio-draftsman" },
]

[package.metadata]
requires-dist = [{ name = "factorio-draftsman", specifier = "==3.3.1" }]

[[package]]
name = "lupa"
version = "2.8"
source = { registry = "https://pypi.org/simple" }
sdist = { url = "https://files.pythonhosted.org/packages/c3/a6/0f869fbb07c393f15473b1eefefb7b5bec162fb7481803d040ed4dc46002/lupa-2.8.tar.gz", hash = "sha256:d8022641b9ec8ecf2c5ecbe9f47e5a70e0b87c4b5ae921b92cb02a638e0acd08", size = 6156370, upload-time = "2026-04-15T20:08:30.534Z" }
wheels = [
    { url = "https://files.pythonhosted.org/packages/09/21/9be4516ddd22f8eadba336d9ba065d17d79108465ae1b7f71424ab99b9d0/lupa-2.8-cp310-abi3-win32.whl", hash = "sha256:c2a5fd15dc62374e1661a55f01744c9ec1c56f291ba4a0749d3af2174556e78f", size = 1594887, upload-time = "2026-04-15T20:05:23.377Z" },
    { url = "https://files.pythonhosted.org/packages/2d/99/1557c9685d7034d9ce8dd2b54c40a26d6deb7c67c1fdb5c801abd1a02c3f/lupa-2.8-cp310-abi3-win_arm64.whl", hash = "sha256:9e304fb1c50cf23fd8882afbe1aa87525ef8a72667bcab3b37b2bbb2bc542269", size = 1371742, upload-time = "2026-04-15T20:05:27.417Z" },
    { url = "https://files.pythonhosted.org/packages/ad/0b/368f2f0bc750b25c69d4563e44f677925ab5dd3d2887f9b0c15465d21a2a/lupa-2.8-cp312-abi3-macosx_10_13_x86_64.whl", hash = "sha256:f4342f4de76ae7ce2ab0672d36003bdb7e1a33252f293b569298ddd792e70e33", size = 1194056, upload-time = "2026-04-15T20:05:55.794Z" },
    { url = "https://files.pythonhosted.org/packages/5b/0f/c89eb8dd36fdea4e50ae3f7f5275bea3b0cc5d4057b8ee7b3bbc78010422/lupa-2.8-cp312-abi3-manylinux2010_i686.manylinux_2_12_i686.manylinux_2_28_i686.whl", hash = "sha256:4203fa1659315e939a5304e75001b8cc14234fb3cbb3ed86c049b0cc5d90fcee", size = 1434278, upload-time = "2026-04-15T20:05:57.94Z" },
    { url = "https://files.pythonhosted.org/packages/47/30/c3b4d2cd8733621b404b8a4214e5f852955c4ba632546dc84123bea9ee89/lupa-2.8-cp312-abi3-manylinux2014_armv7l.manylinux_2_17_armv7l.manylinux_2_31_armv7l.whl", hash = "sha256:81f2d843ce668b653146c007467570210ae44be51dac6926666c51d49536f307", size = 1150068, upload-time = "2026-04-15T20:06:01.04Z" },
    { url = "https://files.pythonhosted.org/packages/8d/d2/bac12c398519efafc6af84be1974edd0d7a4895fb4735b5c8d615d298595/lupa-2.8-cp312-abi3-manylinux2014_ppc64le.manylinux_2_17_ppc64le.manylinux_2_28_ppc64le.whl", hash = "sha256:d3d0cde2c77588d1c60875a4f34f059513476c6e1775351897195b51e0f3df08", size = 1409532, upload-time = "2026-04-15T20:06:03.592Z" },
    { url = "https://files.pythonhosted.org/packages/9c/6a/18b52e11962014026e07813530b0b108ee8bc0a2a13ef0eaea5d41dce023/lupa-2.8-cp312-abi3-manylinux_2_34_riscv64.manylinux_2_39_riscv64.whl", hash = "sha256:9e0d11b8f3a8dac6413f704fef7161d048bb10c58bdac6cbffa5e60efa56e9a3", size = 1242687, upload-time = "2026-04-15T20:06:06.863Z" },
    { url = "https://files.pythonhosted.org/packages/b3/8e/7fd4eb049875f61429b96780d2eae4700f0e78fe0a52db8edb231b1cd09f/lupa-2.8-cp312-abi3-musllinux_1_2_aarch64.whl", hash = "sha256:54cff414f21f8cd8c6be4aae52541f3b9cd39602b59e3a3db9b5c9f9f674ff18", size = 1856038, upload-time = "2026-04-15T20:06:09.358Z" },
    { url = "https://files.pythonhosted.org/packages/e9/f9/37ad9d2773d30f2931890d310a4bdce28d45484206e6f48bc18b0325eabd/lupa-2.8-cp312-abi3-musllinux_1_2_armv7l.whl", hash = "sha256:24b4d8af5558e549b70daf1547f5c1c1d664ecea9fc790f83efe5d75e9a93797", size = 1128982, upload-time = "2026-04-15T20:06:12.312Z" },
    { url = "https://files.pythonhosted.org/packages/57/31/c0fd7984c24844ea79caa45c0235f61a06b38fd69a839f6c62770f8d684a/lupa-2.8-cp312-abi3-musllinux_1_2_i686.whl", hash = "sha256:ce86dff1ee7f7cf45f5622065ae991949dd7bb1703581cbc58a630137bb7ccf9", size = 1457594, upload-time = "2026-04-15T20:06:15.881Z" },
    { url = "https://files.pythonhosted.org/packages/11/f5/a28e411be30ec1bf0db1eb0c087eebc73be9e7a1adcfe6ac209861ccc446/lupa-2.8-cp312-abi3-musllinux_1_2_ppc64le.whl", hash = "sha256:f4d01b2a08c70bbb883a9e082b6b36b89121ed5910b710f1ba11c73295ff4fba", size = 1425721, upload-time = "2026-04-15T20:06:18.009Z" },
    { url = "https://files.pythonhosted.org/packages/ed/c1/359f767c4ae024be30d909fe8a9f0e9af266bad47ce2bd2ed248fb986fcf/lupa-2.8-cp312-abi3-musllinux_1_2_riscv64.whl", hash = "sha256:7f210d5a8353e510ea1199c42cf3cbdd630553bf2bc8fb4c00fea06fdec7c798", size = 1253258, upload-time = "2026-04-15T20:06:21.17Z" },
    { url = "https://files.pythonhosted.org/packages/17/52/473f11790c261fd02bbf318a546fe040e9ec9f677181272fa78d3b4112a4/lupa-2.8-cp312-abi3-musllinux_1_2_x86_64.whl", hash = "sha256:4f81a02806e7c7ad26d8c6fa222c8bef1b0c1b124347c879be880b41339d41e4", size = 2395272, upload-time = "2026-04-15T20:06:24.137Z" },
    { url = "https://files.pythonhosted.org/packages/94/bf/75c8795655a8836eab6a11a630352c4b7c5dc5c54d075077bc9bffdeee45/lupa-2.8-cp312-abi3-win32.whl", hash = "sha256:360056453a7a4eaa4ac5a204c31a5a014b1eb2ee5490603234d2ba831684f1f2", size = 1606136, upload-time = "2026-04-15T20:06:27.815Z" },
    { url = "https://files.pythonhosted.org/packages/d8/29/11a2cdd612b6f55e506292dfb6ba343216e80a693e7fe3f876ef204ce9c6/lupa-2.8-cp312-abi3-win_arm64.whl", hash = "sha256:1628371c6592a6d5650497a9e31fb2bb3a7e9883c1f301d1111265e484045af9", size = 1364495, upload-time = "2026-04-15T20:06:30.254Z" },
    { url = "https://files.pythonhosted.org/packages/4d/17/fa834b6b09ad17e7df5d0f7715d64877a125a3776ada689751a1f9dc2959/lupa-2.8-cp312-cp312-macosx_11_0_arm64.whl", hash = "sha256:450650f91c48c2415b0d59ab3abfcfda3b6efb5b858205f4d4bda8ad141fa529", size = 1190111, upload-time = "2026-04-15T20:06:32.84Z" },
    { url = "https://files.pythonhosted.org/packages/ab/43/45589901b7d1a0e3a9d91d19a311fb6a56924e8571536c3f2212160fd953/lupa-2.8-cp312-cp312-manylinux2014_aarch64.manylinux_2_17_aarch64.manylinux_2_28_aarch64.whl", hash = "sha256:27044f3363047f946b3d3aab9157cbd172b3538ada9ec1baef43432bf7d03a78", size = 1812999, upload-time = "2026-04-15T20:06:35.664Z" },
    { url = "https://files.pythonhosted.org/packages/a1/ac/4ade7d15ff5c61758d7943ac6f0a496bf1cc65b6c09f842b52a0702e664c/lupa-2.8-cp312-cp312-manylinux2014_x86_64.manylinux_2_17_x86_64.manylinux_2_28_x86_64.whl", hash = "sha256:8cf4f064a0e5531afce2d7d750120c10c10f9529139af6ca6150d13151034398", size = 2368731, upload-time = "2026-04-15T20:06:37.959Z" },
    { url = "https://files.pythonhosted.org/packages/0c/27/05f950d15b8ab120b39c43588b438ff3ace70c1b1b0225a960393a497483/lupa-2.8-cp312-cp312-win_amd64.whl", hash = "sha256:281bedc5deb92d31e649a3552edd662449365a635904fa4d5cb4509c7245e34e", size = 1941809, upload-time = "2026-04-15T20:06:40.302Z" },
    { url = "https://files.pythonhosted.org/packages/a6/3f/19f83c3a0c84dc8bea8a58e7416dca6a3ede662c33c8d1ec758e5afc754a/lupa-2.8-cp313-cp313-macosx_11_0_arm64.whl", hash = "sha256:45fc9da0145ecb0083ef5ff9975116cc784bd0258bdc2bd131ba15483ce18398", size = 1201203, upload-time = "2026-04-15T20:06:42.169Z" },
    { url = "https://files.pythonhosted.org/packages/89/0f/a14f0073f09610158038582e230618a48c14da6bd88185289461aa4cb854/lupa-2.8-cp313-cp313-manylinux2014_aarch64.manylinux_2_17_aarch64.manylinux_2_28_aarch64.whl", hash = "sha256:58e18afed57955b41130e269c78f53d4123ab86e236b53816f4cbffa25cb5d30", size = 1806210, upload-time = "2026-04-15T20:06:45.486Z" },
    { url = "https://files.pythonhosted.org/packages/2f/14/48fff156c63a136001a7620878af7d31aa07e66b495ed621e3eddd73c294/lupa-2.8-cp313-cp313-manylinux2014_x86_64.manylinux_2_17_x86_64.manylinux_2_28_x86_64.whl", hash = "sha256:fc47f536ac13a79cef47d29a2b205576a22841f042a2bcec1676b95806e7706a", size = 2359005, upload-time = "2026-04-15T20:06:47.819Z" },
    { url = "https://files.pythonhosted.org/packages/fe/18/3ac638ec90edf178242b8a2b2f00f8adae694248c03a26341ef941bb746e/lupa-2.8-cp313-cp313-win_amd64.whl", hash = "sha256:ce9404c661dbac65cc9bed351ad45e797af93d30d70be309a3fa8209ac86d93b", size = 1936754, upload-time = "2026-04-15T20:06:50.448Z" },
    { url = "https://files.pythonhosted.org/packages/b0/ef/5ee5fed6ea7459a671196359ce04bfeeaf26be1dac8ff24bf28e5c7a6e81/lupa-2.8-cp314-cp314-macosx_11_0_arm64.whl", hash = "sha256:348c3f8ecabb6324dcbc05c2740d762ef8fcec7b06c79e45262ab97a217684e3", size = 1209388, upload-time = "2026-04-15T20:06:53.022Z" },
    { url = "https://files.pythonhosted.org/packages/6e/b1/67a940d5542cb0384b443fe951b5a83ea9340d1333a733a258fdd1c619ba/lupa-2.8-cp314-cp314-manylinux2014_aarch64.manylinux_2_17_aarch64.manylinux_2_28_aarch64.whl", hash = "sha256:951496471056061598a7d1729a6cdf48d662fec777a9f2d8aa5a1e62fd30e5a5", size = 1826821, upload-time = "2026-04-15T20:06:55.699Z" },
    { url = "https://files.pythonhosted.org/packages/a1/a2/b354e5ba3b911ec50686003dc8897e892b9e8c5c036b33219b03d54c4daf/lupa-2.8-cp314-cp314-manylinux2014_x86_64.manylinux_2_17_x86_64.manylinux_2_28_x86_64.whl", hash = "sha256:a591b9947ca347b41a63370e121d6e2b1458fe6dde9ae065029ec10a37f25ff4", size = 2366893, upload-time = "2026-04-15T20:06:58.9Z" },
    { url = "https://files.pythonhosted.org/packages/8e/52/d76066401f29539df5352f70ecded66576f32933b6045cd0bfc56cb770b9/lupa-2.8-cp314-cp314-win_amd64.whl", hash = "sha256:3903c9cf628dae2f56405503247b77a61a3a61bd2dda470e336950c74776d55d", size = 1994716, upload-time = "2026-04-15T20:07:19.194Z" },
    { url = "https://files.pythonhosted.org/packages/c3/bd/3efc437a4361c16d25e66478c50357c9a8e8ecfb718fe749eb9ca3176ef6/lupa-2.8-cp314-cp314t-macosx_11_0_arm64.whl", hash = "sha256:f711a8ab0486b9ac6fdda94a22ddcfbc9f0d4a27e3a8cf1bf79c6e48b33017c1", size = 1251217, upload-time = "2026-04-15T20:07:01.64Z" },
    { url = "https://files.pythonhosted.org/packages/ea/f4/2e9f8ecbaca854bfdf14af8a9b505ec0cbc640377b3b218921594b7563cd/lupa-2.8-cp314-cp314t-manylinux2014_aarch64.manylinux_2_17_aarch64.manylinux_2_28_aarch64.whl", hash = "sha256:dc51250e76367a3e27fcd01dc769b9bfcbbc34f48df48dde53d6af6e75b7eaa5", size = 1814701, upload-time = "2026-04-15T20:07:04.149Z" },
    { url = "https://files.pythonhosted.org/packages/ba/53/4000b1acaa8b1f3827fcff0cfcdff44d3befddda42cab7e685a49689b5a1/lupa-2.8-cp314-cp314t-manylinux2014_x86_64.manylinux_2_17_x86_64.manylinux_2_28_x86_64.whl", hash = "sha256:f8a22088a552828958603323f0a5c4b3e11e03b75d0bf4c965ef879de9b60a8d", size = 2348414, upload-time = "2026-04-15T20:07:07.285Z" },
    { url = "https://files.pythonhosted.org/packages/d5/78/26ee48d3890cddf03cefb65f433e3492759c0b3c0582180755bddbaab7bd/lupa-2.8-cp314-cp314t-win32.whl", hash = "sha256:4f7c553c1d8cfffbe85d81daef730d12cae4b6002d457542914da0ac8a1145b3", size = 1831611, upload-time = "2026-04-15T20:07:09.752Z" },
    { url = "https://files.pythonhosted.org/packages/3c/d1/4a5cc64a3cad22821ae4c3f7a90456a08ca19457d8354f4abf46ad03c7e8/lupa-2.8-cp314-cp314t-win_amd64.whl", hash = "sha256:d8766aff03a78c80ad2d188a8bdb216de5ec838359cd87e05bbdfa56394a6105", size = 2209250, upload-time = "2026-04-15T20:07:11.906Z" },
    { url = "https://files.pythonhosted.org/packages/37/7c/cdcb654daf668192aaf36b0aeb94f2281dad092aaa5003688691131736ea/lupa-2.8-cp314-cp314t-win_arm64.whl", hash = "sha256:91d622777febda3ab1bed1d45295f2f32a4680c7b3d7caf8c669998ed5c44118", size = 1126735, upload-time = "2026-04-15T20:07:15.434Z" },
    { url = "https://files.pythonhosted.org/packages/1d/44/de1961ad38e17cd326a53c246c7e3b91178ed578f4cf22ffcd5e7e11b041/lupa-2.8-cp39-abi3-macosx_10_9_x86_64.whl", hash = "sha256:b036738282a5acd2e71fdddb317c9df8b87c1673aa57f403d05fcc2be8abc4ba", size = 1186020, upload-time = "2026-04-15T20:07:35.017Z" },
    { url = "https://files.pythonhosted.org/packages/13/c2/276f0b9dc8bcc5a8a58af5316dfa0e6f56be3613dd6dbcc8d3d2cb6559ba/lupa-2.8-cp39-abi3-manylinux2010_i686.manylinux_2_12_i686.manylinux_2_28_i686.whl", hash = "sha256:ac6b6e8d0e617e26a98cbb44880bcd75de5d32b3ad7b3b3793583909292b47ed", size = 1468944, upload-time = "2026-04-15T20:07:37.782Z" },
    { url = "https://files.pythonhosted.org/packages/63/38/52934e52a5180dc6425d20284d004fe4b27a4f9171a82dc99fb67af250bf/lupa-2.8-cp39-abi3-manylinux2014_armv7l.manylinux_2_17_armv7l.manylinux_2_31_armv7l.whl", hash = "sha256:ba3a7dd839f90c3d2e53bebe3c192b1f3f9fd720a6781256405123211fd0dce6", size = 1172998, upload-time = "2026-04-15T20:07:40.812Z" },
    { url = "https://files.pythonhosted.org/packages/c7/82/76b3809bd0839d9b3b4ec58d06591e08f17337b6d9576877cb9d48b34e94/lupa-2.8-cp39-abi3-manylinux2014_ppc64le.manylinux_2_17_ppc64le.manylinux_2_28_ppc64le.whl", hash = "sha256:d7edb13a7a5250b5c6c22d1495d9e842b5c9fc5081c8fe6b5efe2112fe3e41f9", size = 1449975, upload-time = "2026-04-15T20:07:44.262Z" },
    { url = "https://files.pythonhosted.org/packages/16/07/2f89d54f747c67c23b4b9ae4aa8c8dd06bb409155dedcf406157f2736b66/lupa-2.8-cp39-abi3-manylinux_2_34_riscv64.manylinux_2_39_riscv64.whl", hash = "sha256:891f72e0bffbed1e4175f975aeb2a083956586a100066525e1be485f617f7b25", size = 1281944, upload-time = "2026-04-15T20:07:46.458Z" },
    { url = "https://files.pythonhosted.org/packages/e7/bd/7375d2b0fcae79d806baf52a76f26c96964593f58e1372d13ae5ac09c676/lupa-2.8-cp39-abi3-musllinux_1_2_aarch64.whl", hash = "sha256:a295f87b5b7ebbfd5191932e8cb0e51df3c7769101ac6b6c7d7c9fb27bfd1307", size = 1910455, upload-time = "2026-04-15T20:07:49.75Z" },
    { url = "https://files.pythonhosted.org/packages/8b/0c/8abb3bc0e08b311fc01db05b6e9f9ff31a8f65e4fc3f0aeb05cfef75c8ac/lupa-2.8-cp39-abi3-musllinux_1_2_armv7l.whl", hash = "sha256:4fe5d7a810b64ea8511eb885fc8cdde042ee5ff7b7d08ae78f32449756acb177", size = 1155548, upload-time = "2026-04-15T20:07:52.657Z" },
    { url = "https://files.pythonhosted.org/packages/80/2e/9eeecd3f493099721c1d3f31beeca23a4237db1a54223684df4dc96aa1bd/lupa-2.8-cp39-abi3-musllinux_1_2_i686.whl", hash = "sha256:bfc470012ef66ad064c7bd77416af03a3452ef630b04b9012595ea13f2e54518", size = 1489232, upload-time = "2026-04-15T20:07:54.92Z" },
    { url = "https://files.pythonhosted.org/packages/c3/13/731c99dc2e7652ae818a6de45bdf0142049f7cb566049061c898355f1891/lupa-2.8-cp39-abi3-musllinux_1_2_ppc64le.whl", hash = "sha256:250e035fdaffe8c87093e3ebc206ac29a26131b1568ea711d780c26001ce96e7", size = 1466321, upload-time = "2026-04-15T20:07:57.627Z" },
    { url = "https://files.pythonhosted.org/packages/de/71/3ad8cc4fc05a77dc0d3f7079348bd1cad4675a0d14c24f8e6a3ce5f008f7/lupa-2.8-cp39-abi3-musllinux_1_2_riscv64.whl", hash = "sha256:b9bddb09acfffb4f828f790f444b11dc0cca591afea1a244d9329eea2d20c003", size = 1288577, upload-time = "2026-04-15T20:07:59.913Z" },
    { url = "https://files.pythonhosted.org/packages/d8/b2/1175f6d0aa7b68627fbe2f58bd1e8bea36a89d10dfd67671d2b024c96162/lupa-2.8-cp39-abi3-musllinux_1_2_x86_64.whl", hash = "sha256:2e64acbbd47e9b82a64405a39e0d2b36a5a7dad8ab41c0f3437f572f7d282ba3", size = 2444866, upload-time = "2026-04-15T20:08:02.753Z" },
]

[[package]]
name = "pygments"
version = "2.21.0"
source = { registry = "https://pypi.org/simple" }
sdist = { url = "https://files.pythonhosted.org/packages/49/2e/ced460408999b33da6b31b0021b0f37d329e202d4169aeb164493778f25b/pygments-2.21.0.tar.gz", hash = "sha256:610ca751c9bc2492b38eb9a38a7fbc93edbbb2d7182edaf34e66ae493dee5c8c", size = 5005329, upload-time = "2026-08-17T08:02:48.824Z" }
wheels = [
    { url = "https://files.pythonhosted.org/packages/71/46/17f022dd3e953bf20a04a028a21ec746d942f8d2af30fa0f124fa0e6a684/pygments-2.21.0-py3-none-any.whl", hash = "sha256:2363c69b61c4a97c838da3b130dcd6468f4848992b21a82f2a63ec34377137d9", size = 1250147, upload-time = "2026-08-17T08:02:44.912Z" },
]

[[package]]
name = "rapidfuzz"
version = "3.14.5"
source = { registry = "https://pypi.org/simple" }
sdist = { url = "https://files.pythonhosted.org/packages/2c/21/ef6157213316e85790041254259907eb722e00b03480256c0545d98acd33/rapidfuzz-3.14.5.tar.gz", hash = "sha256:ba10ac57884ce82112f7ed910b67e7fb6072d8ef2c06e30dc63c0f604a112e0e", size = 57901753, upload-time = "2026-04-07T11:16:31.931Z" }
wheels = [
    { url = "https://files.pythonhosted.org/packages/d3/e3/574435c6aafb80254c191ef40d7aca2cb2bb97a095ec9395e9fa59ac307a/rapidfuzz-3.14.5-cp312-cp312-macosx_10_13_x86_64.whl", hash = "sha256:0d3378f471ef440473a396ce2f8e97ee12f89a78b495540e0a5617bbfe895638", size = 1944601, upload-time = "2026-04-07T11:14:18.771Z" },
    { url = "https://files.pythonhosted.org/packages/d0/1f/fbad3102a255ecc112ce9a7e779bacab7fd14398217be8868dc9082ba363/rapidfuzz-3.14.5-cp312-cp312-macosx_11_0_arm64.whl", hash = "sha256:1e910eebca9fd0eba245c0555e764597e8a0cccb673a92da2dc2397050725f48", size = 1164293, upload-time = "2026-04-07T11:14:20.534Z" },
    { url = "https://files.pythonhosted.org/packages/88/37/a3eb7ff6121ed3a5f199a8c38cc86c8e481816f879cb0e0b738b078c9a7e/rapidfuzz-3.14.5-cp312-cp312-manylinux_2_26_aarch64.manylinux_2_28_aarch64.whl", hash = "sha256:01550fe5f60fd176aa66b7611289d46dc4aa4b1b904874c7b6d1d54e581c5ec1", size = 1371999, upload-time = "2026-04-07T11:14:22.63Z" },
    { url = "https://files.pythonhosted.org/packages/79/72/97a9728c711c7c1b06e107d3f0623880fb4ef90e147ed13c551a1730e7cc/rapidfuzz-3.14.5-cp312-cp312-manylinux_2_27_x86_64.manylinux_2_28_x86_64.whl", hash = "sha256:48bee0b91bebfaec41e1081e351000659ab7570cc4598d617aa04d5bf827f9e6", size = 3145715, upload-time = "2026-04-07T11:14:24.508Z" },
    { url = "https://files.pythonhosted.org/packages/ed/54/d5caabbea233ac90c286c87c260e49d7641467e87438a18d858e41c82e91/rapidfuzz-3.14.5-cp312-cp312-manylinux_2_39_riscv64.whl", hash = "sha256:7e580cb04ad849ae9b786fa21383c6b994b6e6c1444ad1cb9f22392759d72741", size = 1456304, upload-time = "2026-04-07T11:14:26.515Z" },
    { url = "https://files.pythonhosted.org/packages/fc/a7/2d1a81250ac8c01a0100c026018e76f0e7a097ff63e4c553e02a6938c6fb/rapidfuzz-3.14.5-cp312-cp312-musllinux_1_2_aarch64.whl", hash = "sha256:09d6c9ba091854f07817055d795d604179c12a8f308ba4c7d56f3719dfea1646", size = 2389089, upload-time = "2026-04-07T11:14:28.635Z" },
    { url = "https://files.pythonhosted.org/packages/65/0d/c47c3872203ae88e6506997c0b576ad731f5261daa25d559be09c9756658/rapidfuzz-3.14.5-cp312-cp312-musllinux_1_2_riscv64.whl", hash = "sha256:1e989f86113be66574113b9c7bdf4793f3f863d248e47d911b355e05ca6b6b10", size = 2493404, upload-time = "2026-04-07T11:14:30.577Z" },
    { url = "https://files.pythonhosted.org/packages/8f/2f/71e0a5a3130792146c8a200a2dd1e52aa16f7c1074012e17f2601eea9a90/rapidfuzz-3.14.5-cp312-cp312-musllinux_1_2_x86_64.whl", hash = "sha256:0ebd1a18e2e47bc0b292a07e6ed9c3642f8aaa672d12253885f599b50807a4f9", size = 4251709, upload-time = "2026-04-07T11:14:32.451Z" },
    { url = "https://files.pythonhosted.org/packages/86/45/d39874901abacef325adb5b34ae416817c8486dfb4fb87c7a9b74ec5b072/rapidfuzz-3.14.5-cp312-cp312-win32.whl", hash = "sha256:9981d38a703b86f0e315a3cd229fd1906fe1d91c989ed121fb975b3c849f89f5", size = 1710069, upload-time = "2026-04-07T11:14:34.37Z" },
    { url = "https://files.pythonhosted.org/packages/85/0b/f65572c53de8a1c704bda707f63a447b67bdbe95d7cdc70d18885e191df5/rapidfuzz-3.14.5-cp312-cp312-win_amd64.whl", hash = "sha256:d8375e3da319593389727c3187ccaf3e0e84199accc530866b8e0f2b79af05e9", size = 1540630, upload-time = "2026-04-07T11:14:36.287Z" },
    { url = "https://files.pythonhosted.org/packages/5e/c3/143be3a578f989758cae516f3270d5cbb49783a7bfdf57cc27a670e00456/rapidfuzz-3.14.5-cp312-cp312-win_arm64.whl", hash = "sha256:478b59bb018a6780d73f33e38d0b3ec5e968a6c1ed42876b993dd456b7aa20e8", size = 813137, upload-time = "2026-04-07T11:14:38.289Z" },
    { url = "https://files.pythonhosted.org/packages/11/66/252803f2010ba699618cdc048b6e1f7cc1f433c08b4a9a17579b92ab0142/rapidfuzz-3.14.5-cp313-cp313-macosx_10_13_x86_64.whl", hash = "sha256:ebd8fd343bf8492a1e60bcb6dc99f90f74f65d98d8241a6b3e1fed225b76ecd6", size = 1940205, upload-time = "2026-04-07T11:14:40.319Z" },
    { url = "https://files.pythonhosted.org/packages/ea/59/b2afd98e41af9cd54554a4c1c423d84cdd60e6b1c0a09496f033b55f60ec/rapidfuzz-3.14.5-cp313-cp313-macosx_11_0_arm64.whl", hash = "sha256:6737b35d5af7479c5bf9710f7b17edd9d2c43128d974d25fb4ea653e42c64609", size = 1159639, upload-time = "2026-04-07T11:14:42.52Z" },
    { url = "https://files.pythonhosted.org/packages/a3/31/7aa7e62c4c516a7af322ed0c4f0774208b72d457d0cfec808bad0df12f4a/rapidfuzz-3.14.5-cp313-cp313-manylinux_2_26_aarch64.manylinux_2_28_aarch64.whl", hash = "sha256:b002c7994cc9f2bc9d9856f0fbaee6e8072c983873846c92f25cefba5b2a925f", size = 1367194, upload-time = "2026-04-07T11:14:44.25Z" },
    { url = "https://files.pythonhosted.org/packages/90/79/2fc252a63bc91d3c3b234d0a3a6ad4ebc460037a23cdcdaf9285f986e6c9/rapidfuzz-3.14.5-cp313-cp313-manylinux_2_27_x86_64.manylinux_2_28_x86_64.whl", hash = "sha256:17a34330cd2a538c1ce5d400b61ba358c5b72c654b928ff87b362e88f8b864c7", size = 3151805, upload-time = "2026-04-07T11:14:46.21Z" },
    { url = "https://files.pythonhosted.org/packages/17/54/0c83508f2683ea70e2d05f8527eb07328acf7bb1e9d97a3bece5702378e7/rapidfuzz-3.14.5-cp313-cp313-manylinux_2_39_riscv64.whl", hash = "sha256:95d937e74c1a7a1287dfb03b62a827be08ede10a155cf1af73bbf47f2b73ee6e", size = 1455667, upload-time = "2026-04-07T11:14:47.991Z" },
    { url = "https://files.pythonhosted.org/packages/71/1b/070175e873177814d58850a01ebe80e20ae11e93eb4da894d563988660fa/rapidfuzz-3.14.5-cp313-cp313-musllinux_1_2_aarch64.whl", hash = "sha256:46b92a9970dcc34f0096901c792644094cab49554ac3547f35e3aebbdf0a3610", size = 2388246, upload-time = "2026-04-07T11:14:50.098Z" },
    { url = "https://files.pythonhosted.org/packages/c9/dd/77caf7aaf9c2be050ad1f128d7c24ff0f59079aa62c5f62f9df41c0af45e/rapidfuzz-3.14.5-cp313-cp313-musllinux_1_2_riscv64.whl", hash = "sha256:e012177c8e8a8a0754ae0d6027d63042aa5ff036d9f40f07cb3466a6082e21b8", size = 2494333, upload-time = "2026-04-07T11:14:52.303Z" },
    { url = "https://files.pythonhosted.org/packages/2c/e2/dd7e1f2aa31a8fbbfc16b0610af1d770ffaf1287490f3c8c5b1c52da264f/rapidfuzz-3.14.5-cp313-cp313-musllinux_1_2_x86_64.whl", hash = "sha256:a2ae6f53f99c9a0eca7a0afc5b4e45fc73bc1dd4ac74c00509031d76df80ed98", size = 4258579, upload-time = "2026-04-07T11:14:54.538Z" },
    { url = "https://files.pythonhosted.org/packages/9c/0a/ac99e1ba347ba0e85e0bb60b74231d55fb93c0eff43f2920ccb413d0be08/rapidfuzz-3.14.5-cp313-cp313-win32.whl", hash = "sha256:4a60f0057231188e3bd30216f7b4e0f279b11fa4ec818bb6c1d9f014d1562fbc", size = 1709231, upload-time = "2026-04-07T11:14:56.524Z" },
    { url = "https://files.pythonhosted.org/packages/cf/cb/0e251d731b3166378644238e8f0cf9e89858c024e19f75ca9f7e3ae83fd5/rapidfuzz-3.14.5-cp313-cp313-win_amd64.whl", hash = "sha256:11bfc2ed8fbe4ab86bd516fadefab126f90e6dcadffa761739fcb304707dfd35", size = 1538519, upload-time = "2026-04-07T11:14:58.635Z" },
    { url = "https://files.pythonhosted.org/packages/30/6f/4548132acc947db6d5346a248e44a8b3a22d608ef30e770fb578caaf2d00/rapidfuzz-3.14.5-cp313-cp313-win_arm64.whl", hash = "sha256:b486b5218808f6f4dc471b114b1054e63553db69705c97da0271f47bd706aedd", size = 812628, upload-time = "2026-04-07T11:15:00.552Z" },
    { url = "https://files.pythonhosted.org/packages/00/60/69b177577290c5eab892c6f75fe89c3aff3f9ae80298a78d9372b1cecb9a/rapidfuzz-3.14.5-cp313-cp313t-macosx_10_13_x86_64.whl", hash = "sha256:39ef8658aaf67d51667e7bdaf7096f432333377d8302ac43c70b5df8a4cf89b8", size = 1970231, upload-time = "2026-04-07T11:15:02.603Z" },
    { url = "https://files.pythonhosted.org/packages/48/38/2fd790052659cc4e2907b63c25433f0987864b445c1aeec1a302ef5ad948/rapidfuzz-3.14.5-cp313-cp313t-macosx_11_0_arm64.whl", hash = "sha256:9ad37a0be705b544af6296da8edddc260d10a8ae5462530fc9991f66498bb1f9", size = 1194394, upload-time = "2026-04-07T11:15:04.572Z" },
    { url = "https://files.pythonhosted.org/packages/80/f4/28430ad8472fc3536e8ebd51a864a226e979cfe924c6e3f83d111373aa74/rapidfuzz-3.14.5-cp313-cp313t-manylinux_2_26_aarch64.manylinux_2_28_aarch64.whl", hash = "sha256:d45e06f60729e07d9b20c205f7e5cff90b6ef2584e852eecf46e045aea69627d", size = 1377051, upload-time = "2026-04-07T11:15:06.728Z" },
    { url = "https://files.pythonhosted.org/packages/77/7e/9aeacabcfd1e77397968362e5b98fe14248b8307011136b17daf99752a8e/rapidfuzz-3.14.5-cp313-cp313t-manylinux_2_27_x86_64.manylinux_2_28_x86_64.whl", hash = "sha256:e52da10236aa6212de71b9e170bace65b64b129c0dea7fc243d6c9ce976f5074", size = 3160565, upload-time = "2026-04-07T11:15:08.667Z" },
    { url = "https://files.pythonhosted.org/packages/56/f4/db4dd7be0cd2f2022117ac5407d905f435d60e48baaea313a567ad27e865/rapidfuzz-3.14.5-cp313-cp313t-manylinux_2_39_riscv64.whl", hash = "sha256:440d30faaf682ca496170a7f0cc5453ec942e3e079f0fd802c9a7f938dfb50a3", size = 1442113, upload-time = "2026-04-07T11:15:11.138Z" },
    { url = "https://files.pythonhosted.org/packages/a4/99/0e9f6aa57f3e32a767216f797e56dc96b720fcecfb9d8ee907ecc82f8d66/rapidfuzz-3.14.5-cp313-cp313t-musllinux_1_2_aarch64.whl", hash = "sha256:56227a61fd3d17b0cd9793132431f3a3d07c8654be96794ba9f89fe0fc8b2d09", size = 2396618, upload-time = "2026-04-07T11:15:13.154Z" },
    { url = "https://files.pythonhosted.org/packages/60/94/44a78e39ffce17cbdd3e2b53b696acc751d5d153be0f499d052b07a4d904/rapidfuzz-3.14.5-cp313-cp313t-musllinux_1_2_riscv64.whl", hash = "sha256:2e83cd2e25bb4edd97b689d9979d9c3acccdaaf26ceac08212ceece202febcfa", size = 2478220, upload-time = "2026-04-07T11:15:15.193Z" },
    { url = "https://files.pythonhosted.org/packages/dd/df/454311469a09a507e9d784a35796742bec22e4cebe75551e2da4e0e290fd/rapidfuzz-3.14.5-cp313-cp313t-musllinux_1_2_x86_64.whl", hash = "sha256:af3b859726cd3374287e405e14b9634563c078c5531a4f62375508addebddad1", size = 4265027, upload-time = "2026-04-07T11:15:17.28Z" },
    { url = "https://files.pythonhosted.org/packages/fc/01/175465a9ab3e3b70ba669058372f009d1d49c1746e2dcd56b69df188d3a5/rapidfuzz-3.14.5-cp313-cp313t-win32.whl", hash = "sha256:8ce1d850b3c0178440efde9e884d98421b5e87ff925f364d6d79e23910d7593f", size = 1766814, upload-time = "2026-04-07T11:15:19.687Z" },
    { url = "https://files.pythonhosted.org/packages/1b/a0/a9b84a47af06ebed94a1439eb2f02adebfb8628bcd30af1fe3e02f5ef56c/rapidfuzz-3.14.5-cp313-cp313t-win_amd64.whl", hash = "sha256:c84af70bcf34e99aee894e46a0f1ac77f17d0ef828179c387407642e2466d28a", size = 1582448, upload-time = "2026-04-07T11:15:21.98Z" },
    { url = "https://files.pythonhosted.org/packages/1e/f1/5937800238b3f8248e70860d79f69ba8f73e764fff47e36bc9e2f26dbcc6/rapidfuzz-3.14.5-cp313-cp313t-win_arm64.whl", hash = "sha256:aac0ad28c686a5e72b81668b906c030ee28050b244544b8af68e12fb32543895", size = 832932, upload-time = "2026-04-07T11:15:24.358Z" },
    { url = "https://files.pythonhosted.org/packages/81/41/aa3ffb3355e62e1bf91f6599b3092e866bc88487a07c524004943c7676df/rapidfuzz-3.14.5-cp314-cp314-macosx_10_15_x86_64.whl", hash = "sha256:1a31cc6d7d03e7318a0974c038959c59e19c752b81115f2e9138b3331cd64d45", size = 1943327, upload-time = "2026-04-07T11:15:26.266Z" },
    { url = "https://files.pythonhosted.org/packages/2d/e1/c2141f1840a41e07ad2db6f724945f8f8ff3065463899a22939152dd6e09/rapidfuzz-3.14.5-cp314-cp314-macosx_11_0_arm64.whl", hash = "sha256:0298d357e2bc59d572da4db0bc631009b6f8f6c9bc8c11e99a12b833f16b6575", size = 1161755, upload-time = "2026-04-07T11:15:28.659Z" },
    { url = "https://files.pythonhosted.org/packages/ca/07/66e753eeaa353161d1d331b7dd517bb349b0bacfebe8496d7b26be26f81f/rapidfuzz-3.14.5-cp314-cp314-manylinux_2_26_aarch64.manylinux_2_28_aarch64.whl", hash = "sha256:59b3dba758661a318995655435c6ab20a04ade79fa51e75bc8dc107cac8df280", size = 1376571, upload-time = "2026-04-07T11:15:31.225Z" },
    { url = "https://files.pythonhosted.org/packages/c8/85/9535df0b78ba51f478c9ce7eb6d1f85535cc31fe356773b48fd9d3e563ca/rapidfuzz-3.14.5-cp314-cp314-manylinux_2_27_x86_64.manylinux_2_28_x86_64.whl", hash = "sha256:4900143d82071bdda533b00300c40b14b963ff826b3642cc463b6dd0f036585e", size = 3156468, upload-time = "2026-04-07T11:15:33.428Z" },
    { url = "https://files.pythonhosted.org/packages/81/ee/b667eb93bba6dc4e0de658edd778e1619dc4d6aab68fa5e5c7f075152735/rapidfuzz-3.14.5-cp314-cp314-manylinux_2_39_riscv64.whl", hash = "sha256:feedf219672eef83ea6be6f3bb093bba396a8560fc75be85ba225f082903df0a", size = 1458311, upload-time = "2026-04-07T11:15:35.557Z" },
    { url = "https://files.pythonhosted.org/packages/7d/ce/479074f5624364a48df3403c538797ef22d3ac49c19dc76c3f79fcdcc70c/rapidfuzz-3.14.5-cp314-cp314-musllinux_1_2_aarch64.whl", hash = "sha256:419e4397a36e2665ec992d8d64c20ba4b2a42500c76ecadeca78a4f19cb9cc32", size = 2398228, upload-time = "2026-04-07T11:15:37.669Z" },
    { url = "https://files.pythonhosted.org/packages/0b/15/a8982f649150fffbdcd6f17565974501f6ab33b2795267bffbd4a7ba905b/rapidfuzz-3.14.5-cp314-cp314-musllinux_1_2_riscv64.whl", hash = "sha256:97131ab2be39043054ee28d99e09efe316e6d53449b7e962dfcf3c2de8b2b246", size = 2497226, upload-time = "2026-04-07T11:15:39.857Z" },
    { url = "https://files.pythonhosted.org/packages/19/52/5267c03ef6759831b7d4625a0c9c06e87baa2fae084b61ac9c388858317b/rapidfuzz-3.14.5-cp314-cp314-musllinux_1_2_x86_64.whl", hash = "sha256:593c00dac4e30231c35bf3b4f1da8ec0998762e9e94425586a5d636fcd57f9d0", size = 4262283, upload-time = "2026-04-07T11:15:42.279Z" },
    { url = "https://files.pythonhosted.org/packages/71/c0/2579f343a97f5254c43bb5853baccc01488357dcb64a27bcb869b7888a4a/rapidfuzz-3.14.5-cp314-cp314-win32.whl", hash = "sha256:0084b687b02b4e569b46d8d6d4ad25659528e6081cd6d067ca453a69035f07e4", size = 1744614, upload-time = "2026-04-07T11:15:44.498Z" },
    { url = "https://files.pythonhosted.org/packages/17/eb/8edfed1e80119dc9c35b11df4bc701eea85622ad681fff0263b6961d3224/rapidfuzz-3.14.5-cp314-cp314-win_amd64.whl", hash = "sha256:5dfa89d78f22cd773054caff44827b846161a29f2dcf7e78b8f90d086621e502", size = 1588971, upload-time = "2026-04-07T11:15:46.86Z" },
    { url = "https://files.pythonhosted.org/packages/f6/04/5676df93c85cfa57a3045d8047318df9f3cd58c7b8a99340dd95f874795e/rapidfuzz-3.14.5-cp314-cp314-win_arm64.whl", hash = "sha256:67f3f9d2b444268ab53e47d31bab89954888d23c04c6789f2c727e51fe4b1d13", size = 834985, upload-time = "2026-04-07T11:15:49.411Z" },
    { url = "https://files.pythonhosted.org/packages/f7/0d/4a8988cea658fe335048ddef8c876addff1b6daa3c9ca8ad65a5a2196e69/rapidfuzz-3.14.5-cp314-cp314t-macosx_10_15_x86_64.whl", hash = "sha256:77eac0526899b3c3ad1454bb2b03cdb491d67358ec8ef0c9c48bd61b632b431d", size = 1972517, upload-time = "2026-04-07T11:15:51.819Z" },
    { url = "https://files.pythonhosted.org/packages/1c/a3/f5cfd9965a9d9a9e32249159797c47b5d6299ea6d1629f9126b25f1c10a3/rapidfuzz-3.14.5-cp314-cp314t-macosx_11_0_arm64.whl", hash = "sha256:b9c6bd754d11f6e78ac54e3d86b4b11dc1ba2f13e5fc958899574532897f5a99", size = 1196056, upload-time = "2026-04-07T11:15:54.292Z" },
    { url = "https://files.pythonhosted.org/packages/64/07/561c2e40cfd10e6630a7b0ac5a2a813aef50d944bcd1f3d260319d659d5b/rapidfuzz-3.14.5-cp314-cp314t-manylinux_2_26_aarch64.manylinux_2_28_aarch64.whl", hash = "sha256:738c96944d076deeaff70e92b65696ab4f7ecb8081d7791c5403a3257dfaf8ff", size = 1374732, upload-time = "2026-04-07T11:15:56.584Z" },
    { url = "https://files.pythonhosted.org/packages/c2/39/123bb94fee40e2fb3b7c49b80827c7ef42d838e18def3fc2fef5a3cf817a/rapidfuzz-3.14.5-cp314-cp314t-manylinux_2_27_x86_64.manylinux_2_28_x86_64.whl", hash = "sha256:f4c1bca487a17fe4226b4ffb2d30e799d2b274d692cffa76bd0746f56235fca3", size = 3166902, upload-time = "2026-04-07T11:15:58.768Z" },
    { url = "https://files.pythonhosted.org/packages/75/0a/45716fafc9fd2e028cf20b5ac5bc704887081cd312f84edb0e325599414b/rapidfuzz-3.14.5-cp314-cp314t-manylinux_2_39_riscv64.whl", hash = "sha256:af6a90a4ed2a48fa1a2d17e9d824e6c7c950bea5bad0b707c77fd55751e6bfef", size = 1452130, upload-time = "2026-04-07T11:16:01.453Z" },
    { url = "https://files.pythonhosted.org/packages/ca/49/4e96c413114398481c0a5b0086af32c364a18613c9a2ea578d17c4bea4ee/rapidfuzz-3.14.5-cp314-cp314t-musllinux_1_2_aarch64.whl", hash = "sha256:bf5018938208d4597b2e679a4f8cff9fd252f1df53583130ae56281a21801b64", size = 2396308, upload-time = "2026-04-07T11:16:03.588Z" },
    { url = "https://files.pythonhosted.org/packages/89/b7/49fea9fc6878d59bd259d01dd1972d9b86117992b1c66d9b16f0a65273c3/rapidfuzz-3.14.5-cp314-cp314t-musllinux_1_2_riscv64.whl", hash = "sha256:c0919d1f89ddf91129906705723118ea09754171e4116f5a5dbc667c7bc9b261", size = 2488210, upload-time = "2026-04-07T11:16:05.871Z" },
    { url = "https://files.pythonhosted.org/packages/0c/44/a1f732b93ffacbdad077b7c801149549b2938e1bece6addb5ad85ed74df8/rapidfuzz-3.14.5-cp314-cp314t-musllinux_1_2_x86_64.whl", hash = "sha256:93d8da883a35116d6813432177f35e570db5b0a5e30ecb0cbd7cb39c815735df", size = 4270621, upload-time = "2026-04-07T11:16:08.483Z" },
    { url = "https://files.pythonhosted.org/packages/bb/ce/ff942d19fce5385054650bb71a58495ddda299d94661ccc4e6e7fa44868b/rapidfuzz-3.14.5-cp314-cp314t-win32.whl", hash = "sha256:0f23e37019ec07712d58976b1ab2b889f8649a7f7c2f626a2f34ea9139e79279", size = 1803950, upload-time = "2026-04-07T11:16:10.873Z" },
    { url = "https://files.pythonhosted.org/packages/5c/0f/9aafc63f9661222b819b391c187eed29fc90ad5935f9690e5ecc2d2047a4/rapidfuzz-3.14.5-cp314-cp314t-win_amd64.whl", hash = "sha256:7d5ca9c7832e6879a707296d1463685f7c243a27846227044504741640caec66", size = 1632357, upload-time = "2026-04-07T11:16:13.1Z" },
    { url = "https://files.pythonhosted.org/packages/70/a6/51fc1b0e61e3326e1c68a61cfd0c6b3c34c843681c4b1eefbf0596f59162/rapidfuzz-3.14.5-cp314-cp314t-win_arm64.whl", hash = "sha256:3e91dcd2549b8f8d843f98ba03a17e01f3d8b72ce942adbbb6761bc58ffce813", size = 855409, upload-time = "2026-04-07T11:16:15.787Z" },
]

[[package]]
name = "smmap"
version = "5.0.3"
source = { registry = "https://pypi.org/simple" }
sdist = { url = "https://files.pythonhosted.org/packages/1f/ea/49c993d6dfdd7338c9b1000a0f36817ed7ec84577ae2e52f890d1a4ff909/smmap-5.0.3.tar.gz", hash = "sha256:4d9debb8b99007ae47165abc08670bd74cb74b5227dda7f643eccc4e9eb5642c", size = 22506, upload-time = "2026-03-09T03:43:26.1Z" }
wheels = [
    { url = "https://files.pythonhosted.org/packages/c1/d4/59e74daffcb57a07668852eeeb6035af9f32cbfd7a1d2511f17d2fe6a738/smmap-5.0.3-py3-none-any.whl", hash = "sha256:c106e05d5a61449cf6ba9a1e650227ecfb141590d2a98412103ff35d89fc7b2f", size = 24390, upload-time = "2026-03-09T03:43:24.361Z" },
]

[[package]]
name = "thefuzz"
version = "0.22.1"
source = { registry = "https://pypi.org/simple" }
dependencies = [
    { name = "rapidfuzz" },
]
sdist = { url = "https://files.pythonhosted.org/packages/81/4b/d3eb25831590d6d7d38c2f2e3561d3ba41d490dc89cd91d9e65e7c812508/thefuzz-0.22.1.tar.gz", hash = "sha256:7138039a7ecf540da323792d8592ef9902b1d79eb78c147d4f20664de79f3680", size = 19993, upload-time = "2024-01-19T19:18:23.135Z" }
wheels = [
    { url = "https://files.pythonhosted.org/packages/82/4f/1695e70ceb3604f19eda9908e289c687ea81c4fecef4d90a9d1d0f2f7ae9/thefuzz-0.22.1-py3-none-any.whl", hash = "sha256:59729b33556850b90e1093c4cf9e618af6f2e4c985df193fdf3c5b5cf02ca481", size = 8245, upload-time = "2024-01-19T19:18:20.362Z" },
]

[[package]]
name = "typing"
version = "3.10.0.0"
source = { registry = "https://pypi.org/simple" }
sdist = { url = "https://files.pythonhosted.org/packages/b0/1b/835d4431805939d2996f8772aca1d2313a57e8860fec0e48e8e7dfe3a477/typing-3.10.0.0.tar.gz", hash = "sha256:13b4ad211f54ddbf93e5901a9967b1e07720c1d1b78d596ac6a439641aa1b130", size = 78962, upload-time = "2021-05-01T18:03:58.186Z" }
wheels = [
    { url = "https://files.pythonhosted.org/packages/f2/5d/865e17349564eb1772688d8afc5e3081a5964c640d64d1d2880ebaed002d/typing-3.10.0.0-py3-none-any.whl", hash = "sha256:12fbdfbe7d6cca1a42e485229afcb0b0c8259258cfb919b8a5e2a5c953742f89", size = 26320, upload-time = "2021-05-01T18:03:56.398Z" },
]

[[package]]
name = "typing-extensions"
version = "4.16.0"
source = { registry = "https://pypi.org/simple" }
sdist = { url = "https://files.pythonhosted.org/packages/f6/cc/6253133b5bb138fc3306cebfbda2c520f545d36b5be2c7255cc528bb45d6/typing_extensions-4.16.0.tar.gz", hash = "sha256:dc983d19a509c94dba722ee6abd33940f7c05a89e243c47e907eb4db6f1a43e5", size = 113555, upload-time = "2026-07-02T08:40:05.92Z" }
wheels = [
    { url = "https://files.pythonhosted.org/packages/49/d3/b8441a820a491ddfc024b0b0cf0393375b75ea13866d9c66727e54c2fc80/typing_extensions-4.16.0-py3-none-any.whl", hash = "sha256:481caa481374e813c1b176ada14e97f1f67a4539ce9cfeb3f350d78d6370c2e8", size = 45571, upload-time = "2026-07-02T08:40:04.659Z" },
]
